
Microsoft Visual Studio Solution File, Format Version 12.00
# Visual Studio Version 17
VisualStudioVersion = 17.11.35201.85
MinimumVisualStudioVersion = 10.0.40219.1
Project("{FAE04EC0-301F-11D3-BF4B-00C04F79EFBC}") = "SpaceInvaders_WPF", "SpaceInvaders_WPF.csproj", "{F9DE70A9-3EF0-4A68-8F38-C60CB0DE7829}"
EndProject
Global
	GlobalSection(SolutionConfigurationPlatforms) = preSolution
		Debug|Any CPU = Debug|Any CPU
		Release|Any CPU = Release|Any CPU
	EndGlobalSection
	GlobalSection(ProjectConfigurationPlatforms) = postSolution
		{F9DE70A9-3EF0-4A68-8F38-C60CB0DE7829}.Debug|Any CPU.ActiveCfg = Debug|Any CPU
		{F9DE70A9-3EF0-4A68-8F38-C60CB0DE7829}.Debug|Any CPU.Build.0 = Debug|Any CPU
		{F9DE70A9-3EF0-4A68-8F38-C60CB0DE7829}.Release|Any CPU.ActiveCfg = Release|Any CPU
		{F9DE70A9-3EF0-4A68-8F38-C60CB0DE7829}.Release|Any CPU.Build.0 = Release|Any CPU
	EndGlobalSection
	GlobalSection(SolutionProperties) = preSolution
		HideSolutionNode = FALSE
	EndGlobalSection
	GlobalSection(ExtensibilityGlobals) = postSolution
		SolutionGuid = {B2D7A664-D3EC-46D0-83A7-A7A93E022DEF}
	EndGlobalSection
EndGlobal
